{
  "name": "foxbit-ws",
  "version": "0.1.0",
  "lockfileVersion": 2,
  "requires": true,
  "packages": {
    "": {
      "name": "foxbit-ws",
      "version": "0.1.0",
      "license": "MIT",
      "dependencies": {
        "@brtmvdl/database": "^0.6.8",
        "crypto-js": "^4.2.0",
        "ws": "^8.14.2"
      }
    },
    "node_modules/@brtmvdl/database": {
      "version": "0.6.8",
      "resolved": "https://registry.npmjs.org/@brtmvdl/database/-/database-0.6.8.tgz",
      "integrity": "sha512-LIHcYx8UAcGPku2MjWd1rvdAKXBVkSTd3dKCQ6kV0u+i8OV2aJaKYdehOBGg5JLLkdPIU/SKGN80KfvUdh5e4w==",
      "dependencies": {
        "@brtmvdl/uuid": "^0.2.0"
      },
      "bin": {
        "database": "bin/index.js"
      },
      "funding": {
        "url": "https://link.mercadopago.com.br/brtmvdl"
      }
    },
    "node_modules/@brtmvdl/uuid": {
      "version": "0.2.0",
      "resolved": "https://registry.npmjs.org/@brtmvdl/uuid/-/uuid-0.2.0.tgz",
      "integrity": "sha512-DYldjPmwMo7f5sZddFYmzkjJmk4ySLfmK6BApYmLW2V/do5MtJsBbd3TnDEW/vPfP5+ISIsy+oV8NrwR5LhqWg=="
    },
    "node_modules/crypto-js": {
      "version": "4.2.0",
      "resolved": "https://registry.npmjs.org/crypto-js/-/crypto-js-4.2.0.tgz",
      "integrity": "sha512-KALDyEYgpY+Rlob/iriUtjV6d5Eq+Y191A5g4UqLAi8CyGP9N1+FdVbkc1SxKc2r4YAYqG8JzO2KGL+AizD70Q=="
    },
    "node_modules/ws": {
      "version": "8.14.2",
      "resolved": "https://registry.npmjs.org/ws/-/ws-8.14.2.tgz",
      "integrity": "sha512-wEBG1ftX4jcglPxgFCMJmZ2PLtSbJ2Peg6TmpJFTbe9GZYOQCDPdMYu/Tm0/bGZkw8paZnJY45J4K2PZrLYq8g==",
      "engines": {
        "node": ">=10.0.0"
      },
      "peerDependencies": {
        "bufferutil": "^4.0.1",
        "utf-8-validate": ">=5.0.2"
      },
      "peerDependenciesMeta": {
        "bufferutil": {
          "optional": true
        },
        "utf-8-validate": {
          "optional": true
        }
      }
    }
  },
  "dependencies": {
    "@brtmvdl/database": {
      "version": "0.6.8",
      "resolved": "https://registry.npmjs.org/@brtmvdl/database/-/database-0.6.8.tgz",
      "integrity": "sha512-LIHcYx8UAcGPku2MjWd1rvdAKXBVkSTd3dKCQ6kV0u+i8OV2aJaKYdehOBGg5JLLkdPIU/SKGN80KfvUdh5e4w==",
      "requires": {
        "@brtmvdl/uuid": "^0.2.0"
      }
    },
    "@brtmvdl/uuid": {
      "version": "0.2.0",
      "resolved": "https://registry.npmjs.org/@brtmvdl/uuid/-/uuid-0.2.0.tgz",
      "integrity": "sha512-DYldjPmwMo7f5sZddFYmzkjJmk4ySLfmK6BApYmLW2V/do5MtJsBbd3TnDEW/vPfP5+ISIsy+oV8NrwR5LhqWg=="
    },
    "crypto-js": {
      "version": "4.2.0",
      "resolved": "https://registry.npmjs.org/crypto-js/-/crypto-js-4.2.0.tgz",
      "integrity": "sha512-KALDyEYgpY+Rlob/iriUtjV6d5Eq+Y191A5g4UqLAi8CyGP9N1+FdVbkc1SxKc2r4YAYqG8JzO2KGL+AizD70Q=="
    },
    "ws": {
      "version": "8.14.2",
      "resolved": "https://registry.npmjs.org/ws/-/ws-8.14.2.tgz",
      "integrity": "sha512-wEBG1ftX4jcglPxgFCMJmZ2PLtSbJ2Peg6TmpJFTbe9GZYOQCDPdMYu/Tm0/bGZkw8paZnJY45J4K2PZrLYq8g==",
      "requires": {}
    }
  }
}
